
Microsoft Visual Studio Solution File, Format Version 12.00
# Visual Studio Version 17
VisualStudioVersion = 17.8.34322.80
MinimumVisualStudioVersion = 10.0.40219.1
Project("{9A19103F-16F7-4668-BE54-9A1E7A4F7556}") = "AoC_Day_1", "AoC_Day_1\AoC_Day_1.csproj", "{DD4C7FD8-163E-4641-BF81-94A03D485C9E}"
EndProject
Global
	GlobalSection(SolutionConfigurationPlatforms) = preSolution
		Debug|Any CPU = Debug|Any CPU
		Release|Any CPU = Release|Any CPU
	EndGlobalSection
	GlobalSection(ProjectConfigurationPlatforms) = postSolution
		{DD4C7FD8-163E-4641-BF81-94A03D485C9E}.Debug|Any CPU.ActiveCfg = Debug|Any CPU
		{DD4C7FD8-163E-4641-BF81-94A03D485C9E}.Debug|Any CPU.Build.0 = Debug|Any CPU
		{DD4C7FD8-163E-4641-BF81-94A03D485C9E}.Release|Any CPU.ActiveCfg = Release|Any CPU
		{DD4C7FD8-163E-4641-BF81-94A03D485C9E}.Release|Any CPU.Build.0 = Release|Any CPU
	EndGlobalSection
	GlobalSection(SolutionProperties) = preSolution
		HideSolutionNode = FALSE
	EndGlobalSection
	GlobalSection(ExtensibilityGlobals) = postSolution
		SolutionGuid = {241EAD4E-2B4C-4BD9-A954-9AB2EB754E9B}
	EndGlobalSection
EndGlobal
